
Microsoft Visual Studio Solution File, Format Version 12.00
# Visual Studio 15
Project("{FAE04EC0-301F-11D3-BF4B-00C04F79EFBC}") = "SupermarketAPI", "SupermarketAPI.csproj", "{B576BE81-27D3-4806-B7A6-E5B98DDD0632}"
EndProject
Global
	GlobalSection(SolutionConfigurationPlatforms) = preSolution
		Debug|Any CPU = Debug|Any CPU
		Release|Any CPU = Release|Any CPU
	EndGlobalSection
	GlobalSection(ProjectConfigurationPlatforms) = postSolution
		{B576BE81-27D3-4806-B7A6-E5B98DDD0632}.Debug|Any CPU.ActiveCfg = Debug|Any CPU
		{B576BE81-27D3-4806-B7A6-E5B98DDD0632}.Debug|Any CPU.Build.0 = Debug|Any CPU
		{B576BE81-27D3-4806-B7A6-E5B98DDD0632}.Release|Any CPU.ActiveCfg = Release|Any CPU
		{B576BE81-27D3-4806-B7A6-E5B98DDD0632}.Release|Any CPU.Build.0 = Release|Any CPU
	EndGlobalSection
EndGlobal
